
Microsoft Visual Studio Solution File, Format Version 12.00
# Visual Studio Version 16
VisualStudioVersion = 16.0.31019.35
MinimumVisualStudioVersion = 10.0.40219.1
Project("{FAE04EC0-301F-11D3-BF4B-00C04F79EFBC}") = "AirboxPhotos", "AirboxPhotos\AirboxPhotos\AirboxPhotos.csproj", "{156C3CCD-9337-4D3F-8890-4F5DA5D812BB}"
EndProject
Project("{FAE04EC0-301F-11D3-BF4B-00C04F79EFBC}") = "AirboxPhotos.Android", "AirboxPhotos\AirboxPhotos.Android\AirboxPhotos.Android.csproj", "{901B8201-7A07-44C7-B305-41C38CED0EDF}"
EndProject
Project("{FAE04EC0-301F-11D3-BF4B-00C04F79EFBC}") = "AirboxPhotos.iOS", "AirboxPhotos\AirboxPhotos.iOS\AirboxPhotos.iOS.csproj", "{FB666AF3-1E40-4806-A26C-71CDFD7DD007}"
EndProject
Project("{FAE04EC0-301F-11D3-BF4B-00C04F79EFBC}") = "AirboxPhotos.UWP", "AirboxPhotos\AirboxPhotos.UWP\AirboxPhotos.UWP.csproj", "{D0C28D1C-3BEE-43B2-99C8-659A801061D0}"
EndProject
Project("{FAE04EC0-301F-11D3-BF4B-00C04F79EFBC}") = "AirboxPhotos.Data", "AirboxPhotos.Data\AirboxPhotos.Data.csproj", "{0E0B83B7-673D-43AB-807C-B847B8EAFBBC}"
EndProject
Project("{FAE04EC0-301F-11D3-BF4B-00C04F79EFBC}") = "AirboxPhotos.Models", "AirboxPhotos.Models\AirboxPhotos.Models.csproj", "{6160C25D-7F3B-432E-8C09-5A7101AFC2B0}"
EndProject
Global
	GlobalSection(SolutionConfigurationPlatforms) = preSolution
		Ad-Hoc|Any CPU = Ad-Hoc|Any CPU
		Ad-Hoc|ARM = Ad-Hoc|ARM
		Ad-Hoc|iPhone = Ad-Hoc|iPhone
		Ad-Hoc|iPhoneSimulator = Ad-Hoc|iPhoneSimulator
		Ad-Hoc|x64 = Ad-Hoc|x64
		Ad-Hoc|x86 = Ad-Hoc|x86
		AppStore|Any CPU = AppStore|Any CPU
		AppStore|ARM = AppStore|ARM
		AppStore|iPhone = AppStore|iPhone
		AppStore|iPhoneSimulator = AppStore|iPhoneSimulator
		AppStore|x64 = AppStore|x64
		AppStore|x86 = AppStore|x86
		Debug|Any CPU = Debug|Any CPU
		Debug|ARM = Debug|ARM
		Debug|iPhone = Debug|iPhone
		Debug|iPhoneSimulator = Debug|iPhoneSimulator
		Debug|x64 = Debug|x64
		Debug|x86 = Debug|x86
		Release|Any CPU = Release|Any CPU
		Release|ARM = Release|ARM
		Release|iPhone = Release|iPhone
		Release|iPhoneSimulator = Release|iPhoneSimulator
		Release|x64 = Release|x64
		Release|x86 = Release|x86
	EndGlobalSection
	GlobalSection(ProjectConfigurationPlatforms) = postSolution
		{156C3CCD-9337-4D3F-8890-4F5DA5D812BB}.Ad-Hoc|Any CPU.ActiveCfg = Debug|Any CPU
		{156C3CCD-9337-4D3F-8890-4F5DA5D812BB}.Ad-Hoc|Any CPU.Build.0 = Debug|Any CPU
		{156C3CCD-9337-4D3F-8890-4F5DA5D812BB}.Ad-Hoc|ARM.ActiveCfg = Debug|Any CPU
		{156C3CCD-9337-4D3F-8890-4F5DA5D812BB}.Ad-Hoc|ARM.Build.0 = Debug|Any CPU
		{156C3CCD-9337-4D3F-8890-4F5DA5D812BB}.Ad-Hoc|iPhone.ActiveCfg = Debug|Any CPU
		{156C3CCD-9337-4D3F-8890-4F5DA5D812BB}.Ad-Hoc|iPhone.Build.0 = Debug|Any CPU
		{156C3CCD-9337-4D3F-8890-4F5DA5D812BB}.Ad-Hoc|iPhoneSimulator.ActiveCfg = Debug|Any CPU
		{156C3CCD-9337-4D3F-8890-4F5DA5D812BB}.Ad-Hoc|iPhoneSimulator.Build.0 = Debug|Any CPU
		{156C3CCD-9337-4D3F-8890-4F5DA5D812BB}.Ad-Hoc|x64.ActiveCfg = Debug|Any CPU
		{156C3CCD-9337-4D3F-8890-4F5DA5D812BB}.Ad-Hoc|x64.Build.0 = Debug|Any CPU
		{156C3CCD-9337-4D3F-8890-4F5DA5D812BB}.Ad-Hoc|x86.ActiveCfg = Debug|Any CPU
		{156C3CCD-9337-4D3F-8890-4F5DA5D812BB}.Ad-Hoc|x86.Build.0 = Debug|Any CPU
		{156C3CCD-9337-4D3F-8890-4F5DA5D812BB}.AppStore|Any CPU.ActiveCfg = Debug|Any CPU
		{156C3CCD-9337-4D3F-8890-4F5DA5D812BB}.AppStore|Any CPU.Build.0 = Debug|Any CPU
		{156C3CCD-9337-4D3F-8890-4F5DA5D812BB}.AppStore|ARM.ActiveCfg = Debug|Any CPU
		{156C3CCD-9337-4D3F-8890-4F5DA5D812BB}.AppStore|ARM.Build.0 = Debug|Any CPU
		{156C3CCD-9337-4D3F-8890-4F5DA5D812BB}.AppStore|iPhone.ActiveCfg = Debug|Any CPU
		{156C3CCD-9337-4D3F-8890-4F5DA5D812BB}.AppStore|iPhone.Build.0 = Debug|Any CPU
		{156C3CCD-9337-4D3F-8890-4F5DA5D812BB}.AppStore|iPhoneSimulator.ActiveCfg = Debug|Any CPU
		{156C3CCD-9337-4D3F-8890-4F5DA5D812BB}.AppStore|iPhoneSimulator.Build.0 = Debug|Any CPU
		{156C3CCD-9337-4D3F-8890-4F5DA5D812BB}.AppStore|x64.ActiveCfg = Debug|Any CPU
		{156C3CCD-9337-4D3F-8890-4F5DA5D812BB}.AppStore|x64.Build.0 = Debug|Any CPU
		{156C3CCD-9337-4D3F-8890-4F5DA5D812BB}.AppStore|x86.ActiveCfg = Debug|Any CPU
		{156C3CCD-9337-4D3F-8890-4F5DA5D812BB}.AppStore|x86.Build.0 = Debug|Any CPU
		{156C3CCD-9337-4D3F-8890-4F5DA5D812BB}.Debug|Any CPU.ActiveCfg = Debug|Any CPU
		{156C3CCD-9337-4D3F-8890-4F5DA5D812BB}.Debug|Any CPU.Build.0 = Debug|Any CPU
		{156C3CCD-9337-4D3F-8890-4F5DA5D812BB}.Debug|ARM.ActiveCfg = Debug|Any CPU
		{156C3CCD-9337-4D3F-8890-4F5DA5D812BB}.Debug|ARM.Build.0 = Debug|Any CPU
		{156C3CCD-9337-4D3F-8890-4F5DA5D812BB}.Debug|iPhone.ActiveCfg = Debug|Any CPU
		{156C3CCD-9337-4D3F-8890-4F5DA5D812BB}.Debug|iPhone.Build.0 = Debug|Any CPU
		{156C3CCD-9337-4D3F-8890-4F5DA5D812BB}.Debug|iPhoneSimulator.ActiveCfg = Debug|Any CPU
		{156C3CCD-9337-4D3F-8890-4F5DA5D812BB}.Debug|iPhoneSimulator.Build.0 = Debug|Any CPU
		{156C3CCD-9337-4D3F-8890-4F5DA5D812BB}.Debug|x64.ActiveCfg = Debug|Any CPU
		{156C3CCD-9337-4D3F-8890-4F5DA5D812BB}.Debug|x64.Build.0 = Debug|Any CPU
		{156C3CCD-9337-4D3F-8890-4F5DA5D812BB}.Debug|x86.ActiveCfg = Debug|Any CPU
		{156C3CCD-9337-4D3F-8890-4F5DA5D812BB}.Debug|x86.Build.0 = Debug|Any CPU
		{156C3CCD-9337-4D3F-8890-4F5DA5D812BB}.Release|Any CPU.ActiveCfg = Release|Any CPU
		{156C3CCD-9337-4D3F-8890-4F5DA5D812BB}.Release|Any CPU.Build.0 = Release|Any CPU
		{156C3CCD-9337-4D3F-8890-4F5DA5D812BB}.Release|ARM.ActiveCfg = Release|Any CPU
		{156C3CCD-9337-4D3F-8890-4F5DA5D812BB}.Release|ARM.Build.0 = Release|Any CPU
		{156C3CCD-9337-4D3F-8890-4F5DA5D812BB}.Release|iPhone.ActiveCfg = Release|Any CPU
		{156C3CCD-9337-4D3F-8890-4F5DA5D812BB}.Release|iPhone.Build.0 = Release|Any CPU
		{156C3CCD-9337-4D3F-8890-4F5DA5D812BB}.Release|iPhoneSimulator.ActiveCfg = Release|Any CPU
		{156C3CCD-9337-4D3F-8890-4F5DA5D812BB}.Release|iPhoneSimulator.Build.0 = Release|Any CPU
		{156C3CCD-9337-4D3F-8890-4F5DA5D812BB}.Release|x64.ActiveCfg = Release|Any CPU
		{156C3CCD-9337-4D3F-8890-4F5DA5D812BB}.Release|x64.Build.0 = Release|Any CPU
		{156C3CCD-9337-4D3F-8890-4F5DA5D812BB}.Release|x86.ActiveCfg = Release|Any CPU
		{156C3CCD-9337-4D3F-8890-4F5DA5D812BB}.Release|x86.Build.0 = Release|Any CPU
		{901B8201-7A07-44C7-B305-41C38CED0EDF}.Ad-Hoc|Any CPU.ActiveCfg = Debug|Any CPU
		{901B8201-7A07-44C7-B305-41C38CED0EDF}.Ad-Hoc|Any CPU.Build.0 = Debug|Any CPU
		{901B8201-7A07-44C7-B305-41C38CED0EDF}.Ad-Hoc|Any CPU.Deploy.0 = Debug|Any CPU
		{901B8201-7A07-44C7-B305-41C38CED0EDF}.Ad-Hoc|ARM.ActiveCfg = Debug|Any CPU
		{901B8201-7A07-44C7-B305-41C38CED0EDF}.Ad-Hoc|ARM.Build.0 = Debug|Any CPU
		{901B8201-7A07-44C7-B305-41C38CED0EDF}.Ad-Hoc|ARM.Deploy.0 = Debug|Any CPU
		{901B8201-7A07-44C7-B305-41C38CED0EDF}.Ad-Hoc|iPhone.ActiveCfg = Debug|Any CPU
		{901B8201-7A07-44C7-B305-41C38CED0EDF}.Ad-Hoc|iPhone.Build.0 = Debug|Any CPU
		{901B8201-7A07-44C7-B305-41C38CED0EDF}.Ad-Hoc|iPhone.Deploy.0 = Debug|Any CPU
		{901B8201-7A07-44C7-B305-41C38CED0EDF}.Ad-Hoc|iPhoneSimulator.ActiveCfg = Debug|Any CPU
		{901B8201-7A07-44C7-B305-41C38CED0EDF}.Ad-Hoc|iPhoneSimulator.Build.0 = Debug|Any CPU
		{901B8201-7A07-44C7-B305-41C38CED0EDF}.Ad-Hoc|iPhoneSimulator.Deploy.0 = Debug|Any CPU
		{901B8201-7A07-44C7-B305-41C38CED0EDF}.Ad-Hoc|x64.ActiveCfg = Debug|Any CPU
		{901B8201-7A07-44C7-B305-41C38CED0EDF}.Ad-Hoc|x64.Build.0 = Debug|Any CPU
		{901B8201-7A07-44C7-B305-41C38CED0EDF}.Ad-Hoc|x64.Deploy.0 = Debug|Any CPU
		{901B8201-7A07-44C7-B305-41C38CED0EDF}.Ad-Hoc|x86.ActiveCfg = Debug|Any CPU
		{901B8201-7A07-44C7-B305-41C38CED0EDF}.Ad-Hoc|x86.Build.0 = Debug|Any CPU
		{901B8201-7A07-44C7-B305-41C38CED0EDF}.Ad-Hoc|x86.Deploy.0 = Debug|Any CPU
		{901B8201-7A07-44C7-B305-41C38CED0EDF}.AppStore|Any CPU.ActiveCfg = Debug|Any CPU
		{901B8201-7A07-44C7-B305-41C38CED0EDF}.AppStore|Any CPU.Build.0 = Debug|Any CPU
		{901B8201-7A07-44C7-B305-41C38CED0EDF}.AppStore|Any CPU.Deploy.0 = Debug|Any CPU
		{901B8201-7A07-44C7-B305-41C38CED0EDF}.AppStore|ARM.ActiveCfg = Debug|Any CPU
		{901B8201-7A07-44C7-B305-41C38CED0EDF}.AppStore|ARM.Build.0 = Debug|Any CPU
		{901B8201-7A07-44C7-B305-41C38CED0EDF}.AppStore|ARM.Deploy.0 = Debug|Any CPU
		{901B8201-7A07-44C7-B305-41C38CED0EDF}.AppStore|iPhone.ActiveCfg = Debug|Any CPU
		{901B8201-7A07-44C7-B305-41C38CED0EDF}.AppStore|iPhone.Build.0 = Debug|Any CPU
		{901B8201-7A07-44C7-B305-41C38CED0EDF}.AppStore|iPhone.Deploy.0 = Debug|Any CPU
		{901B8201-7A07-44C7-B305-41C38CED0EDF}.AppStore|iPhoneSimulator.ActiveCfg = Debug|Any CPU
		{901B8201-7A07-44C7-B305-41C38CED0EDF}.AppStore|iPhoneSimulator.Build.0 = Debug|Any CPU
		{901B8201-7A07-44C7-B305-41C38CED0EDF}.AppStore|iPhoneSimulator.Deploy.0 = Debug|Any CPU
		{901B8201-7A07-44C7-B305-41C38CED0EDF}.AppStore|x64.ActiveCfg = Debug|Any CPU
		{901B8201-7A07-44C7-B305-41C38CED0EDF}.AppStore|x64.Build.0 = Debug|Any CPU
		{901B8201-7A07-44C7-B305-41C38CED0EDF}.AppStore|x64.Deploy.0 = Debug|Any CPU
		{901B8201-7A07-44C7-B305-41C38CED0EDF}.AppStore|x86.ActiveCfg = Debug|Any CPU
		{901B8201-7A07-44C7-B305-41C38CED0EDF}.AppStore|x86.Build.0 = Debug|Any CPU
		{901B8201-7A07-44C7-B305-41C38CED0EDF}.AppStore|x86.Deploy.0 = Debug|Any CPU
		{901B8201-7A07-44C7-B305-41C38CED0EDF}.Debug|Any CPU.ActiveCfg = Debug|Any CPU
		{901B8201-7A07-44C7-B305-41C38CED0EDF}.Debug|Any CPU.Build.0 = Debug|Any CPU
		{901B8201-7A07-44C7-B305-41C38CED0EDF}.Debug|Any CPU.Deploy.0 = Debug|Any CPU
		{901B8201-7A07-44C7-B305-41C38CED0EDF}.Debug|ARM.ActiveCfg = Debug|Any CPU
		{901B8201-7A07-44C7-B305-41C38CED0EDF}.Debug|ARM.Build.0 = Debug|Any CPU
		{901B8201-7A07-44C7-B305-41C38CED0EDF}.Debug|ARM.Deploy.0 = Debug|Any CPU
		{901B8201-7A07-44C7-B305-41C38CED0EDF}.Debug|iPhone.ActiveCfg = Debug|Any CPU
		{901B8201-7A07-44C7-B305-41C38CED0EDF}.Debug|iPhone.Build.0 = Debug|Any CPU
		{901B8201-7A07-44C7-B305-41C38CED0EDF}.Debug|iPhone.Deploy.0 = Debug|Any CPU
		{901B8201-7A07-44C7-B305-41C38CED0EDF}.Debug|iPhoneSimulator.ActiveCfg = Debug|Any CPU
		{901B8201-7A07-44C7-B305-41C38CED0EDF}.Debug|iPhoneSimulator.Build.0 = Debug|Any CPU
		{901B8201-7A07-44C7-B305-41C38CED0EDF}.Debug|iPhoneSimulator.Deploy.0 = Debug|Any CPU
		{901B8201-7A07-44C7-B305-41C38CED0EDF}.Debug|x64.ActiveCfg = Debug|Any CPU
		{901B8201-7A07-44C7-B305-41C38CED0EDF}.Debug|x64.Build.0 = Debug|Any CPU
		{901B8201-7A07-44C7-B305-41C38CED0EDF}.Debug|x64.Deploy.0 = Debug|Any CPU
		{901B8201-7A07-44C7-B305-41C38CED0EDF}.Debug|x86.ActiveCfg = Debug|Any CPU
		{901B8201-7A07-44C7-B305-41C38CED0EDF}.Debug|x86.Build.0 = Debug|Any CPU
		{901B8201-7A07-44C7-B305-41C38CED0EDF}.Debug|x86.Deploy.0 = Debug|Any CPU
		{901B8201-7A07-44C7-B305-41C38CED0EDF}.Release|Any CPU.ActiveCfg = Release|Any CPU
		{901B8201-7A07-44C7-B305-41C38CED0EDF}.Release|Any CPU.Build.0 = Release|Any CPU
		{901B8201-7A07-44C7-B305-41C38CED0EDF}.Release|Any CPU.Deploy.0 = Release|Any CPU
		{901B8201-7A07-44C7-B305-41C38CED0EDF}.Release|ARM.ActiveCfg = Release|Any CPU
		{901B8201-7A07-44C7-B305-41C38CED0EDF}.Release|ARM.Build.0 = Release|Any CPU
		{901B8201-7A07-44C7-B305-41C38CED0EDF}.Release|ARM.Deploy.0 = Release|Any CPU
		{901B8201-7A07-44C7-B305-41C38CED0EDF}.Release|iPhone.ActiveCfg = Release|Any CPU
		{901B8201-7A07-44C7-B305-41C38CED0EDF}.Release|iPhone.Build.0 = Release|Any CPU
		{901B8201-7A07-44C7-B305-41C38CED0EDF}.Release|iPhone.Deploy.0 = Release|Any CPU
		{901B8201-7A07-44C7-B305-41C38CED0EDF}.Release|iPhoneSimulator.ActiveCfg = Release|Any CPU
		{901B8201-7A07-44C7-B305-41C38CED0EDF}.Release|iPhoneSimulator.Build.0 = Release|Any CPU
		{901B8201-7A07-44C7-B305-41C38CED0EDF}.Release|iPhoneSimulator.Deploy.0 = Release|Any CPU
		{901B8201-7A07-44C7-B305-41C38CED0EDF}.Release|x64.ActiveCfg = Release|Any CPU
		{901B8201-7A07-44C7-B305-41C38CED0EDF}.Release|x64.Build.0 = Release|Any CPU
		{901B8201-7A07-44C7-B305-41C38CED0EDF}.Release|x64.Deploy.0 = Release|Any CPU
		{901B8201-7A07-44C7-B305-41C38CED0EDF}.Release|x86.ActiveCfg = Release|Any CPU
		{901B8201-7A07-44C7-B305-41C38CED0EDF}.Release|x86.Build.0 = Release|Any CPU
		{901B8201-7A07-44C7-B305-41C38CED0EDF}.Release|x86.Deploy.0 = Release|Any CPU
		{FB666AF3-1E40-4806-A26C-71CDFD7DD007}.Ad-Hoc|Any CPU.ActiveCfg = Ad-Hoc|iPhoneSimulator
		{FB666AF3-1E40-4806-A26C-71CDFD7DD007}.Ad-Hoc|ARM.ActiveCfg = Ad-Hoc|iPhoneSimulator
		{FB666AF3-1E40-4806-A26C-71CDFD7DD007}.Ad-Hoc|iPhone.ActiveCfg = Ad-Hoc|iPhone
		{FB666AF3-1E40-4806-A26C-71CDFD7DD007}.Ad-Hoc|iPhone.Build.0 = Ad-Hoc|iPhone
		{FB666AF3-1E40-4806-A26C-71CDFD7DD007}.Ad-Hoc|iPhoneSimulator.ActiveCfg = Ad-Hoc|iPhoneSimulator
		{FB666AF3-1E40-4806-A26C-71CDFD7DD007}.Ad-Hoc|iPhoneSimulator.Build.0 = Ad-Hoc|iPhoneSimulator
		{FB666AF3-1E40-4806-A26C-71CDFD7DD007}.Ad-Hoc|x64.ActiveCfg = Ad-Hoc|iPhoneSimulator
		{FB666AF3-1E40-4806-A26C-71CDFD7DD007}.Ad-Hoc|x86.ActiveCfg = Ad-Hoc|iPhoneSimulator
		{FB666AF3-1E40-4806-A26C-71CDFD7DD007}.AppStore|Any CPU.ActiveCfg = AppStore|iPhoneSimulator
		{FB666AF3-1E40-4806-A26C-71CDFD7DD007}.AppStore|ARM.ActiveCfg = AppStore|iPhoneSimulator
		{FB666AF3-1E40-4806-A26C-71CDFD7DD007}.AppStore|iPhone.ActiveCfg = AppStore|iPhone
		{FB666AF3-1E40-4806-A26C-71CDFD7DD007}.AppStore|iPhone.Build.0 = AppStore|iPhone
		{FB666AF3-1E40-4806-A26C-71CDFD7DD007}.AppStore|iPhoneSimulator.ActiveCfg = AppStore|iPhoneSimulator
		{FB666AF3-1E40-4806-A26C-71CDFD7DD007}.AppStore|iPhoneSimulator.Build.0 = AppStore|iPhoneSimulator
		{FB666AF3-1E40-4806-A26C-71CDFD7DD007}.AppStore|x64.ActiveCfg = AppStore|iPhoneSimulator
		{FB666AF3-1E40-4806-A26C-71CDFD7DD007}.AppStore|x86.ActiveCfg = AppStore|iPhoneSimulator
		{FB666AF3-1E40-4806-A26C-71CDFD7DD007}.Debug|Any CPU.ActiveCfg = Debug|iPhoneSimulator
		{FB666AF3-1E40-4806-A26C-71CDFD7DD007}.Debug|ARM.ActiveCfg = Debug|iPhoneSimulator
		{FB666AF3-1E40-4806-A26C-71CDFD7DD007}.Debug|iPhone.ActiveCfg = Debug|iPhone
		{FB666AF3-1E40-4806-A26C-71CDFD7DD007}.Debug|iPhone.Build.0 = Debug|iPhone
		{FB666AF3-1E40-4806-A26C-71CDFD7DD007}.Debug|iPhoneSimulator.ActiveCfg = Debug|iPhoneSimulator
		{FB666AF3-1E40-4806-A26C-71CDFD7DD007}.Debug|iPhoneSimulator.Build.0 = Debug|iPhoneSimulator
		{FB666AF3-1E40-4806-A26C-71CDFD7DD007}.Debug|x64.ActiveCfg = Debug|iPhoneSimulator
		{FB666AF3-1E40-4806-A26C-71CDFD7DD007}.Debug|x86.ActiveCfg = Debug|iPhoneSimulator
		{FB666AF3-1E40-4806-A26C-71CDFD7DD007}.Release|Any CPU.ActiveCfg = Release|iPhoneSimulator
		{FB666AF3-1E40-4806-A26C-71CDFD7DD007}.Release|ARM.ActiveCfg = Release|iPhoneSimulator
		{FB666AF3-1E40-4806-A26C-71CDFD7DD007}.Release|iPhone.ActiveCfg = Release|iPhone
		{FB666AF3-1E40-4806-A26C-71CDFD7DD007}.Release|iPhone.Build.0 = Release|iPhone
		{FB666AF3-1E40-4806-A26C-71CDFD7DD007}.Release|iPhoneSimulator.ActiveCfg = Release|iPhoneSimulator
		{FB666AF3-1E40-4806-A26C-71CDFD7DD007}.Release|iPhoneSimulator.Build.0 = Release|iPhoneSimulator
		{FB666AF3-1E40-4806-A26C-71CDFD7DD007}.Release|x64.ActiveCfg = Release|iPhoneSimulator
		{FB666AF3-1E40-4806-A26C-71CDFD7DD007}.Release|x86.ActiveCfg = Release|iPhoneSimulator
		{D0C28D1C-3BEE-43B2-99C8-659A801061D0}.Ad-Hoc|Any CPU.ActiveCfg = Debug|ARM
		{D0C28D1C-3BEE-43B2-99C8-659A801061D0}.Ad-Hoc|Any CPU.Build.0 = Debug|ARM
		{D0C28D1C-3BEE-43B2-99C8-659A801061D0}.Ad-Hoc|Any CPU.Deploy.0 = Debug|ARM
		{D0C28D1C-3BEE-43B2-99C8-659A801061D0}.Ad-Hoc|ARM.ActiveCfg = Debug|ARM
		{D0C28D1C-3BEE-43B2-99C8-659A801061D0}.Ad-Hoc|ARM.Build.0 = Debug|ARM
		{D0C28D1C-3BEE-43B2-99C8-659A801061D0}.Ad-Hoc|ARM.Deploy.0 = Debug|ARM
		{D0C28D1C-3BEE-43B2-99C8-659A801061D0}.Ad-Hoc|iPhone.ActiveCfg = Debug|ARM
		{D0C28D1C-3BEE-43B2-99C8-659A801061D0}.Ad-Hoc|iPhone.Build.0 = Debug|ARM
		{D0C28D1C-3BEE-43B2-99C8-659A801061D0}.Ad-Hoc|iPhone.Deploy.0 = Debug|ARM
		{D0C28D1C-3BEE-43B2-99C8-659A801061D0}.Ad-Hoc|iPhoneSimulator.ActiveCfg = Debug|ARM
		{D0C28D1C-3BEE-43B2-99C8-659A801061D0}.Ad-Hoc|iPhoneSimulator.Build.0 = Debug|ARM
		{D0C28D1C-3BEE-43B2-99C8-659A801061D0}.Ad-Hoc|iPhoneSimulator.Deploy.0 = Debug|ARM
		{D0C28D1C-3BEE-43B2-99C8-659A801061D0}.Ad-Hoc|x64.ActiveCfg = Debug|x64
		{D0C28D1C-3BEE-43B2-99C8-659A801061D0}.Ad-Hoc|x64.Build.0 = Debug|x64
		{D0C28D1C-3BEE-43B2-99C8-659A801061D0}.Ad-Hoc|x64.Deploy.0 = Debug|x64
		{D0C28D1C-3BEE-43B2-99C8-659A801061D0}.Ad-Hoc|x86.ActiveCfg = Debug|x86
		{D0C28D1C-3BEE-43B2-99C8-659A801061D0}.Ad-Hoc|x86.Build.0 = Debug|x86
		{D0C28D1C-3BEE-43B2-99C8-659A801061D0}.Ad-Hoc|x86.Deploy.0 = Debug|x86
		{D0C28D1C-3BEE-43B2-99C8-659A801061D0}.AppStore|Any CPU.ActiveCfg = Debug|ARM
		{D0C28D1C-3BEE-43B2-99C8-659A801061D0}.AppStore|Any CPU.Build.0 = Debug|ARM
		{D0C28D1C-3BEE-43B2-99C8-659A801061D0}.AppStore|Any CPU.Deploy.0 = Debug|ARM
		{D0C28D1C-3BEE-43B2-99C8-659A801061D0}.AppStore|ARM.ActiveCfg = Debug|ARM
		{D0C28D1C-3BEE-43B2-99C8-659A801061D0}.AppStore|ARM.Build.0 = Debug|ARM
		{D0C28D1C-3BEE-43B2-99C8-659A801061D0}.AppStore|ARM.Deploy.0 = Debug|ARM
		{D0C28D1C-3BEE-43B2-99C8-659A801061D0}.AppStore|iPhone.ActiveCfg = Debug|ARM
		{D0C28D1C-3BEE-43B2-99C8-659A801061D0}.AppStore|iPhone.Build.0 = Debug|ARM
		{D0C28D1C-3BEE-43B2-99C8-659A801061D0}.AppStore|iPhone.Deploy.0 = Debug|ARM
		{D0C28D1C-3BEE-43B2-99C8-659A801061D0}.AppStore|iPhoneSimulator.ActiveCfg = Debug|ARM
		{D0C28D1C-3BEE-43B2-99C8-659A801061D0}.AppStore|iPhoneSimulator.Build.0 = Debug|ARM
		{D0C28D1C-3BEE-43B2-99C8-659A801061D0}.AppStore|iPhoneSimulator.Deploy.0 = Debug|ARM
		{D0C28D1C-3BEE-43B2-99C8-659A801061D0}.AppStore|x64.ActiveCfg = Debug|x64
		{D0C28D1C-3BEE-43B2-99C8-659A801061D0}.AppStore|x64.Build.0 = Debug|x64
		{D0C28D1C-3BEE-43B2-99C8-659A801061D0}.AppStore|x64.Deploy.0 = Debug|x64
		{D0C28D1C-3BEE-43B2-99C8-659A801061D0}.AppStore|x86.ActiveCfg = Debug|x86
		{D0C28D1C-3BEE-43B2-99C8-659A801061D0}.AppStore|x86.Build.0 = Debug|x86
		{D0C28D1C-3BEE-43B2-99C8-659A801061D0}.AppStore|x86.Deploy.0 = Debug|x86
		{D0C28D1C-3BEE-43B2-99C8-659A801061D0}.Debug|Any CPU.ActiveCfg = Debug|x86
		{D0C28D1C-3BEE-43B2-99C8-659A801061D0}.Debug|ARM.ActiveCfg = Debug|ARM
		{D0C28D1C-3BEE-43B2-99C8-659A801061D0}.Debug|ARM.Build.0 = Debug|ARM
		{D0C28D1C-3BEE-43B2-99C8-659A801061D0}.Debug|ARM.Deploy.0 = Debug|ARM
		{D0C28D1C-3BEE-43B2-99C8-659A801061D0}.Debug|iPhone.ActiveCfg = Debug|x86
		{D0C28D1C-3BEE-43B2-99C8-659A801061D0}.Debug|iPhoneSimulator.ActiveCfg = Debug|x86
		{D0C28D1C-3BEE-43B2-99C8-659A801061D0}.Debug|x64.ActiveCfg = Debug|x64
		{D0C28D1C-3BEE-43B2-99C8-659A801061D0}.Debug|x64.Build.0 = Debug|x64
		{D0C28D1C-3BEE-43B2-99C8-659A801061D0}.Debug|x64.Deploy.0 = Debug|x64
		{D0C28D1C-3BEE-43B2-99C8-659A801061D0}.Debug|x86.ActiveCfg = Debug|x86
		{D0C28D1C-3BEE-43B2-99C8-659A801061D0}.Debug|x86.Build.0 = Debug|x86
		{D0C28D1C-3BEE-43B2-99C8-659A801061D0}.Debug|x86.Deploy.0 = Debug|x86
		{D0C28D1C-3BEE-43B2-99C8-659A801061D0}.Release|Any CPU.ActiveCfg = Release|x86
		{D0C28D1C-3BEE-43B2-99C8-659A801061D0}.Release|ARM.ActiveCfg = Release|ARM
		{D0C28D1C-3BEE-43B2-99C8-659A801061D0}.Release|ARM.Build.0 = Release|ARM
		{D0C28D1C-3BEE-43B2-99C8-659A801061D0}.Release|ARM.Deploy.0 = Release|ARM
		{D0C28D1C-3BEE-43B2-99C8-659A801061D0}.Release|iPhone.ActiveCfg = Release|x86
		{D0C28D1C-3BEE-43B2-99C8-659A801061D0}.Release|iPhoneSimulator.ActiveCfg = Release|x86
		{D0C28D1C-3BEE-43B2-99C8-659A801061D0}.Release|x64.ActiveCfg = Release|x64
		{D0C28D1C-3BEE-43B2-99C8-659A801061D0}.Release|x64.Build.0 = Release|x64
		{D0C28D1C-3BEE-43B2-99C8-659A801061D0}.Release|x64.Deploy.0 = Release|x64
		{D0C28D1C-3BEE-43B2-99C8-659A801061D0}.Release|x86.ActiveCfg = Release|x86
		{D0C28D1C-3BEE-43B2-99C8-659A801061D0}.Release|x86.Build.0 = Release|x86
		{D0C28D1C-3BEE-43B2-99C8-659A801061D0}.Release|x86.Deploy.0 = Release|x86
		{0E0B83B7-673D-43AB-807C-B847B8EAFBBC}.Ad-Hoc|Any CPU.ActiveCfg = Debug|Any CPU
		{0E0B83B7-673D-43AB-807C-B847B8EAFBBC}.Ad-Hoc|Any CPU.Build.0 = Debug|Any CPU
		{0E0B83B7-673D-43AB-807C-B847B8EAFBBC}.Ad-Hoc|ARM.ActiveCfg = Debug|Any CPU
		{0E0B83B7-673D-43AB-807C-B847B8EAFBBC}.Ad-Hoc|ARM.Build.0 = Debug|Any CPU
		{0E0B83B7-673D-43AB-807C-B847B8EAFBBC}.Ad-Hoc|iPhone.ActiveCfg = Debug|Any CPU
		{0E0B83B7-673D-43AB-807C-B847B8EAFBBC}.Ad-Hoc|iPhone.Build.0 = Debug|Any CPU
		{0E0B83B7-673D-43AB-807C-B847B8EAFBBC}.Ad-Hoc|iPhoneSimulator.ActiveCfg = Debug|Any CPU
		{0E0B83B7-673D-43AB-807C-B847B8EAFBBC}.Ad-Hoc|iPhoneSimulator.Build.0 = Debug|Any CPU
		{0E0B83B7-673D-43AB-807C-B847B8EAFBBC}.Ad-Hoc|x64.ActiveCfg = Debug|Any CPU
		{0E0B83B7-673D-43AB-807C-B847B8EAFBBC}.Ad-Hoc|x64.Build.0 = Debug|Any CPU
		{0E0B83B7-673D-43AB-807C-B847B8EAFBBC}.Ad-Hoc|x86.ActiveCfg = Debug|Any CPU
		{0E0B83B7-673D-43AB-807C-B847B8EAFBBC}.Ad-Hoc|x86.Build.0 = Debug|Any CPU
		{0E0B83B7-673D-43AB-807C-B847B8EAFBBC}.AppStore|Any CPU.ActiveCfg = Debug|Any CPU
		{0E0B83B7-673D-43AB-807C-B847B8EAFBBC}.AppStore|Any CPU.Build.0 = Debug|Any CPU
		{0E0B83B7-673D-43AB-807C-B847B8EAFBBC}.AppStore|ARM.ActiveCfg = Debug|Any CPU
		{0E0B83B7-673D-43AB-807C-B847B8EAFBBC}.AppStore|ARM.Build.0 = Debug|Any CPU
		{0E0B83B7-673D-43AB-807C-B847B8EAFBBC}.AppStore|iPhone.ActiveCfg = Debug|Any CPU
		{0E0B83B7-673D-43AB-807C-B847B8EAFBBC}.AppStore|iPhone.Build.0 = Debug|Any CPU
		{0E0B83B7-673D-43AB-807C-B847B8EAFBBC}.AppStore|iPhoneSimulator.ActiveCfg = Debug|Any CPU
		{0E0B83B7-673D-43AB-807C-B847B8EAFBBC}.AppStore|iPhoneSimulator.Build.0 = Debug|Any CPU
		{0E0B83B7-673D-43AB-807C-B847B8EAFBBC}.AppStore|x64.ActiveCfg = Debug|Any CPU
		{0E0B83B7-673D-43AB-807C-B847B8EAFBBC}.AppStore|x64.Build.0 = Debug|Any CPU
		{0E0B83B7-673D-43AB-807C-B847B8EAFBBC}.AppStore|x86.ActiveCfg = Debug|Any CPU
		{0E0B83B7-673D-43AB-807C-B847B8EAFBBC}.AppStore|x86.Build.0 = Debug|Any CPU
		{0E0B83B7-673D-43AB-807C-B847B8EAFBBC}.Debug|Any CPU.ActiveCfg = Debug|Any CPU
		{0E0B83B7-673D-43AB-807C-B847B8EAFBBC}.Debug|Any CPU.Build.0 = Debug|Any CPU
		{0E0B83B7-673D-43AB-807C-B847B8EAFBBC}.Debug|ARM.ActiveCfg = Debug|Any CPU
		{0E0B83B7-673D-43AB-807C-B847B8EAFBBC}.Debug|ARM.Build.0 = Debug|Any CPU
		{0E0B83B7-673D-43AB-807C-B847B8EAFBBC}.Debug|iPhone.ActiveCfg = Debug|Any CPU
		{0E0B83B7-673D-43AB-807C-B847B8EAFBBC}.Debug|iPhone.Build.0 = Debug|Any CPU
		{0E0B83B7-673D-43AB-807C-B847B8EAFBBC}.Debug|iPhoneSimulator.ActiveCfg = Debug|Any CPU
		{0E0B83B7-673D-43AB-807C-B847B8EAFBBC}.Debug|iPhoneSimulator.Build.0 = Debug|Any CPU
		{0E0B83B7-673D-43AB-807C-B847B8EAFBBC}.Debug|x64.ActiveCfg = Debug|Any CPU
		{0E0B83B7-673D-43AB-807C-B847B8EAFBBC}.Debug|x64.Build.0 = Debug|Any CPU
		{0E0B83B7-673D-43AB-807C-B847B8EAFBBC}.Debug|x86.ActiveCfg = Debug|Any CPU
		{0E0B83B7-673D-43AB-807C-B847B8EAFBBC}.Debug|x86.Build.0 = Debug|Any CPU
		{0E0B83B7-673D-43AB-807C-B847B8EAFBBC}.Release|Any CPU.ActiveCfg = Release|Any CPU
		{0E0B83B7-673D-43AB-807C-B847B8EAFBBC}.Release|Any CPU.Build.0 = Release|Any CPU
		{0E0B83B7-673D-43AB-807C-B847B8EAFBBC}.Release|ARM.ActiveCfg = Release|Any CPU
		{0E0B83B7-673D-43AB-807C-B847B8EAFBBC}.Release|ARM.Build.0 = Release|Any CPU
		{0E0B83B7-673D-43AB-807C-B847B8EAFBBC}.Release|iPhone.ActiveCfg = Release|Any CPU
		{0E0B83B7-673D-43AB-807C-B847B8EAFBBC}.Release|iPhone.Build.0 = Release|Any CPU
		{0E0B83B7-673D-43AB-807C-B847B8EAFBBC}.Release|iPhoneSimulator.ActiveCfg = Release|Any CPU
		{0E0B83B7-673D-43AB-807C-B847B8EAFBBC}.Release|iPhoneSimulator.Build.0 = Release|Any CPU
		{0E0B83B7-673D-43AB-807C-B847B8EAFBBC}.Release|x64.ActiveCfg = Release|Any CPU
		{0E0B83B7-673D-43AB-807C-B847B8EAFBBC}.Release|x64.Build.0 = Release|Any CPU
		{0E0B83B7-673D-43AB-807C-B847B8EAFBBC}.Release|x86.ActiveCfg = Release|Any CPU
		{0E0B83B7-673D-43AB-807C-B847B8EAFBBC}.Release|x86.Build.0 = Release|Any CPU
		{6160C25D-7F3B-432E-8C09-5A7101AFC2B0}.Ad-Hoc|Any CPU.ActiveCfg = Debug|Any CPU
		{6160C25D-7F3B-432E-8C09-5A7101AFC2B0}.Ad-Hoc|Any CPU.Build.0 = Debug|Any CPU
		{6160C25D-7F3B-432E-8C09-5A7101AFC2B0}.Ad-Hoc|ARM.ActiveCfg = Debug|Any CPU
		{6160C25D-7F3B-432E-8C09-5A7101AFC2B0}.Ad-Hoc|ARM.Build.0 = Debug|Any CPU
		{6160C25D-7F3B-432E-8C09-5A7101AFC2B0}.Ad-Hoc|iPhone.ActiveCfg = Debug|Any CPU
		{6160C25D-7F3B-432E-8C09-5A7101AFC2B0}.Ad-Hoc|iPhone.Build.0 = Debug|Any CPU
		{6160C25D-7F3B-432E-8C09-5A7101AFC2B0}.Ad-Hoc|iPhoneSimulator.ActiveCfg = Debug|Any CPU
		{6160C25D-7F3B-432E-8C09-5A7101AFC2B0}.Ad-Hoc|iPhoneSimulator.Build.0 = Debug|Any CPU
		{6160C25D-7F3B-432E-8C09-5A7101AFC2B0}.Ad-Hoc|x64.ActiveCfg = Debug|Any CPU
		{6160C25D-7F3B-432E-8C09-5A7101AFC2B0}.Ad-Hoc|x64.Build.0 = Debug|Any CPU
		{6160C25D-7F3B-432E-8C09-5A7101AFC2B0}.Ad-Hoc|x86.ActiveCfg = Debug|Any CPU
		{6160C25D-7F3B-432E-8C09-5A7101AFC2B0}.Ad-Hoc|x86.Build.0 = Debug|Any CPU
		{6160C25D-7F3B-432E-8C09-5A7101AFC2B0}.AppStore|Any CPU.ActiveCfg = Debug|Any CPU
		{6160C25D-7F3B-432E-8C09-5A7101AFC2B0}.AppStore|Any CPU.Build.0 = Debug|Any CPU
		{6160C25D-7F3B-432E-8C09-5A7101AFC2B0}.AppStore|ARM.ActiveCfg = Debug|Any CPU
		{6160C25D-7F3B-432E-8C09-5A7101AFC2B0}.AppStore|ARM.Build.0 = Debug|Any CPU
		{6160C25D-7F3B-432E-8C09-5A7101AFC2B0}.AppStore|iPhone.ActiveCfg = Debug|Any CPU
		{6160C25D-7F3B-432E-8C09-5A7101AFC2B0}.AppStore|iPhone.Build.0 = Debug|Any CPU
		{6160C25D-7F3B-432E-8C09-5A7101AFC2B0}.AppStore|iPhoneSimulator.ActiveCfg = Debug|Any CPU
		{6160C25D-7F3B-432E-8C09-5A7101AFC2B0}.AppStore|iPhoneSimulator.Build.0 = Debug|Any CPU
		{6160C25D-7F3B-432E-8C09-5A7101AFC2B0}.AppStore|x64.ActiveCfg = Debug|Any CPU
		{6160C25D-7F3B-432E-8C09-5A7101AFC2B0}.AppStore|x64.Build.0 = Debug|Any CPU
		{6160C25D-7F3B-432E-8C09-5A7101AFC2B0}.AppStore|x86.ActiveCfg = Debug|Any CPU
		{6160C25D-7F3B-432E-8C09-5A7101AFC2B0}.AppStore|x86.Build.0 = Debug|Any CPU
		{6160C25D-7F3B-432E-8C09-5A7101AFC2B0}.Debug|Any CPU.ActiveCfg = Debug|Any CPU
		{6160C25D-7F3B-432E-8C09-5A7101AFC2B0}.Debug|Any CPU.Build.0 = Debug|Any CPU
		{6160C25D-7F3B-432E-8C09-5A7101AFC2B0}.Debug|ARM.ActiveCfg = Debug|Any CPU
		{6160C25D-7F3B-432E-8C09-5A7101AFC2B0}.Debug|ARM.Build.0 = Debug|Any CPU
		{6160C25D-7F3B-432E-8C09-5A7101AFC2B0}.Debug|iPhone.ActiveCfg = Debug|Any CPU
		{6160C25D-7F3B-432E-8C09-5A7101AFC2B0}.Debug|iPhone.Build.0 = Debug|Any CPU
		{6160C25D-7F3B-432E-8C09-5A7101AFC2B0}.Debug|iPhoneSimulator.ActiveCfg = Debug|Any CPU
		{6160C25D-7F3B-432E-8C09-5A7101AFC2B0}.Debug|iPhoneSimulator.Build.0 = Debug|Any CPU
		{6160C25D-7F3B-432E-8C09-5A7101AFC2B0}.Debug|x64.ActiveCfg = Debug|Any CPU
		{6160C25D-7F3B-432E-8C09-5A7101AFC2B0}.Debug|x64.Build.0 = Debug|Any CPU
		{6160C25D-7F3B-432E-8C09-5A7101AFC2B0}.Debug|x86.ActiveCfg = Debug|Any CPU
		{6160C25D-7F3B-432E-8C09-5A7101AFC2B0}.Debug|x86.Build.0 = Debug|Any CPU
		{6160C25D-7F3B-432E-8C09-5A7101AFC2B0}.Release|Any CPU.ActiveCfg = Release|Any CPU
		{6160C25D-7F3B-432E-8C09-5A7101AFC2B0}.Release|Any CPU.Build.0 = Release|Any CPU
		{6160C25D-7F3B-432E-8C09-5A7101AFC2B0}.Release|ARM.ActiveCfg = Release|Any CPU
		{6160C25D-7F3B-432E-8C09-5A7101AFC2B0}.Release|ARM.Build.0 = Release|Any CPU
		{6160C25D-7F3B-432E-8C09-5A7101AFC2B0}.Release|iPhone.ActiveCfg = Release|Any CPU
		{6160C25D-7F3B-432E-8C09-5A7101AFC2B0}.Release|iPhone.Build.0 = Release|Any CPU
		{6160C25D-7F3B-432E-8C09-5A7101AFC2B0}.Release|iPhoneSimulator.ActiveCfg = Release|Any CPU
		{6160C25D-7F3B-432E-8C09-5A7101AFC2B0}.Release|iPhoneSimulator.Build.0 = Release|Any CPU
		{6160C25D-7F3B-432E-8C09-5A7101AFC2B0}.Release|x64.ActiveCfg = Release|Any CPU
		{6160C25D-7F3B-432E-8C09-5A7101AFC2B0}.Release|x64.Build.0 = Release|Any CPU
		{6160C25D-7F3B-432E-8C09-5A7101AFC2B0}.Release|x86.ActiveCfg = Release|Any CPU
		{6160C25D-7F3B-432E-8C09-5A7101AFC2B0}.Release|x86.Build.0 = Release|Any CPU
	EndGlobalSection
	GlobalSection(SolutionProperties) = preSolution
		HideSolutionNode = FALSE
	EndGlobalSection
	GlobalSection(ExtensibilityGlobals) = postSolution
		SolutionGuid = {999B3A9F-F08E-46E2-A545-19CC2CD21495}
	EndGlobalSection
EndGlobal
